
Microsoft Visual Studio Solution File, Format Version 11.00
# Visual Studio 2010
Project("{FAE04EC0-301F-11D3-BF4B-00C04F79EFBC}") = "Assembly-CSharp", "Assembly-CSharp.csproj", "{DB1369A2-C58B-6531-7C5F-663FB7A68808}"
EndProject
Project("{FAE04EC0-301F-11D3-BF4B-00C04F79EFBC}") = "Assembly-CSharp-Editor", "Assembly-CSharp-Editor.csproj", "{3D10D2AB-5420-E7B8-A16C-B96D4558D2B1}"
EndProject
Global
	GlobalSection(SolutionConfigurationPlatforms) = preSolution
		Debug|Any CPU = Debug|Any CPU
		Release|Any CPU = Release|Any CPU
	EndGlobalSection
	GlobalSection(ProjectConfigurationPlatforms) = postSolution
		{DB1369A2-C58B-6531-7C5F-663FB7A68808}.Debug|Any CPU.ActiveCfg = Debug|Any CPU
		{DB1369A2-C58B-6531-7C5F-663FB7A68808}.Debug|Any CPU.Build.0 = Debug|Any CPU
		{DB1369A2-C58B-6531-7C5F-663FB7A68808}.Release|Any CPU.ActiveCfg = Release|Any CPU
		{DB1369A2-C58B-6531-7C5F-663FB7A68808}.Release|Any CPU.Build.0 = Release|Any CPU
		{3D10D2AB-5420-E7B8-A16C-B96D4558D2B1}.Debug|Any CPU.ActiveCfg = Debug|Any CPU
		{3D10D2AB-5420-E7B8-A16C-B96D4558D2B1}.Debug|Any CPU.Build.0 = Debug|Any CPU
		{3D10D2AB-5420-E7B8-A16C-B96D4558D2B1}.Release|Any CPU.ActiveCfg = Release|Any CPU
		{3D10D2AB-5420-E7B8-A16C-B96D4558D2B1}.Release|Any CPU.Build.0 = Release|Any CPU
	EndGlobalSection
	GlobalSection(SolutionProperties) = preSolution
		HideSolutionNode = FALSE
	EndGlobalSection
EndGlobal
